
Microsoft Visual Studio Solution File, Format Version 12.00
# Visual Studio 14
VisualStudioVersion = 14.0.23107.0
MinimumVisualStudioVersion = 10.0.40219.1
Project("{FAE04EC0-301F-11D3-BF4B-00C04F79EFBC}") = "YouLab", "YouLab\YouLab.csproj", "{99275B84-46A8-4C25-89FE-1B5A13D710B3}"
EndProject
Project("{54435603-DBB4-11D2-8724-00A0C9A8B90C}") = "YouLabSetup", "YouLabSetup\YouLabSetup.vdproj", "{12240D7C-BEC2-4055-89D8-7CA5731CE85D}"
EndProject
Global
	GlobalSection(SolutionConfigurationPlatforms) = preSolution
		Debug|Any CPU = Debug|Any CPU
		Release|Any CPU = Release|Any CPU
	EndGlobalSection
	GlobalSection(ProjectConfigurationPlatforms) = postSolution
		{99275B84-46A8-4C25-89FE-1B5A13D710B3}.Debug|Any CPU.ActiveCfg = Debug|Any CPU
		{99275B84-46A8-4C25-89FE-1B5A13D710B3}.Debug|Any CPU.Build.0 = Debug|Any CPU
		{99275B84-46A8-4C25-89FE-1B5A13D710B3}.Release|Any CPU.ActiveCfg = Release|Any CPU
		{99275B84-46A8-4C25-89FE-1B5A13D710B3}.Release|Any CPU.Build.0 = Release|Any CPU
		{12240D7C-BEC2-4055-89D8-7CA5731CE85D}.Debug|Any CPU.ActiveCfg = Debug
		{12240D7C-BEC2-4055-89D8-7CA5731CE85D}.Release|Any CPU.ActiveCfg = Release
		{12240D7C-BEC2-4055-89D8-7CA5731CE85D}.Release|Any CPU.Build.0 = Release
	EndGlobalSection
	GlobalSection(SolutionProperties) = preSolution
		HideSolutionNode = FALSE
	EndGlobalSection
EndGlobal
